
Microsoft Visual Studio Solution File, Format Version 12.00
# Visual Studio Version 17
VisualStudioVersion = 17.0.31423.177
MinimumVisualStudioVersion = 10.0.40219.1
Project("{9A19103F-16F7-4668-BE54-9A1E7A4F7556}") = "CTF", "CTF\CTF.csproj", "{859B542E-78E4-4BD3-85E4-4F71E4BFA0DD}"
EndProject
Project("{9A19103F-16F7-4668-BE54-9A1E7A4F7556}") = "CTFLibrary.Test", "CTFLibrary.Test\CTFLibrary.Test.csproj", "{C7F92486-8EF1-4C4A-BE4F-832C93C4B6DD}"
EndProject
Project("{9A19103F-16F7-4668-BE54-9A1E7A4F7556}") = "CTFLibrary", "CTFLibrary\CTFLibrary.csproj", "{C88A262F-1E88-4524-98AF-60B43852866F}"
EndProject
Project("{9A19103F-16F7-4668-BE54-9A1E7A4F7556}") = "CTFServer", "CTFServer\CTFServer.csproj", "{B7B28846-E639-4960-B2CD-ED9B1CC2E224}"
EndProject
Project("{9A19103F-16F7-4668-BE54-9A1E7A4F7556}") = "PythonInteropGenerator", "PythonInteropGenerator\PythonInteropGenerator.csproj", "{DAE3B283-C17A-403F-878E-5995C897A11A}"
EndProject
Global
	GlobalSection(SolutionConfigurationPlatforms) = preSolution
		Debug|Any CPU = Debug|Any CPU
		Release|Any CPU = Release|Any CPU
	EndGlobalSection
	GlobalSection(ProjectConfigurationPlatforms) = postSolution
		{859B542E-78E4-4BD3-85E4-4F71E4BFA0DD}.Debug|Any CPU.ActiveCfg = Debug|Any CPU
		{859B542E-78E4-4BD3-85E4-4F71E4BFA0DD}.Debug|Any CPU.Build.0 = Debug|Any CPU
		{859B542E-78E4-4BD3-85E4-4F71E4BFA0DD}.Release|Any CPU.ActiveCfg = Release|Any CPU
		{859B542E-78E4-4BD3-85E4-4F71E4BFA0DD}.Release|Any CPU.Build.0 = Release|Any CPU
		{C7F92486-8EF1-4C4A-BE4F-832C93C4B6DD}.Debug|Any CPU.ActiveCfg = Debug|Any CPU
		{C7F92486-8EF1-4C4A-BE4F-832C93C4B6DD}.Debug|Any CPU.Build.0 = Debug|Any CPU
		{C7F92486-8EF1-4C4A-BE4F-832C93C4B6DD}.Release|Any CPU.ActiveCfg = Release|Any CPU
		{C7F92486-8EF1-4C4A-BE4F-832C93C4B6DD}.Release|Any CPU.Build.0 = Release|Any CPU
		{C88A262F-1E88-4524-98AF-60B43852866F}.Debug|Any CPU.ActiveCfg = Debug|Any CPU
		{C88A262F-1E88-4524-98AF-60B43852866F}.Debug|Any CPU.Build.0 = Debug|Any CPU
		{C88A262F-1E88-4524-98AF-60B43852866F}.Release|Any CPU.ActiveCfg = Release|Any CPU
		{C88A262F-1E88-4524-98AF-60B43852866F}.Release|Any CPU.Build.0 = Release|Any CPU
		{B7B28846-E639-4960-B2CD-ED9B1CC2E224}.Debug|Any CPU.ActiveCfg = Debug|Any CPU
		{B7B28846-E639-4960-B2CD-ED9B1CC2E224}.Debug|Any CPU.Build.0 = Debug|Any CPU
		{B7B28846-E639-4960-B2CD-ED9B1CC2E224}.Release|Any CPU.ActiveCfg = Release|Any CPU
		{B7B28846-E639-4960-B2CD-ED9B1CC2E224}.Release|Any CPU.Build.0 = Release|Any CPU
		{DAE3B283-C17A-403F-878E-5995C897A11A}.Debug|Any CPU.ActiveCfg = Debug|Any CPU
		{DAE3B283-C17A-403F-878E-5995C897A11A}.Debug|Any CPU.Build.0 = Debug|Any CPU
		{DAE3B283-C17A-403F-878E-5995C897A11A}.Release|Any CPU.ActiveCfg = Release|Any CPU
		{DAE3B283-C17A-403F-878E-5995C897A11A}.Release|Any CPU.Build.0 = Release|Any CPU
	EndGlobalSection
	GlobalSection(SolutionProperties) = preSolution
		HideSolutionNode = FALSE
	EndGlobalSection
	GlobalSection(ExtensibilityGlobals) = postSolution
		SolutionGuid = {8DD6EE2B-FC86-4550-98C1-9B2DBFC48684}
	EndGlobalSection
EndGlobal
