
Microsoft Visual Studio Solution File, Format Version 12.00
# Visual Studio Version 16
VisualStudioVersion = 16.0.30717.126
MinimumVisualStudioVersion = 10.0.40219.1
Project("{9A19103F-16F7-4668-BE54-9A1E7A4F7556}") = "CTF", "CTF\CTF.csproj", "{859B542E-78E4-4BD3-85E4-4F71E4BFA0DD}"
EndProject
Project("{9A19103F-16F7-4668-BE54-9A1E7A4F7556}") = "CTFLibrary.Test", "CTFLibrary.Test\CTFLibrary.Test.csproj", "{C7F92486-8EF1-4C4A-BE4F-832C93C4B6DD}"
EndProject
Project("{FAE04EC0-301F-11D3-BF4B-00C04F79EFBC}") = "CTFLibrary", "CTFLibrary\CTFLibrary.csproj", "{C88A262F-1E88-4524-98AF-60B43852866F}"
EndProject
Global
	GlobalSection(SolutionConfigurationPlatforms) = preSolution
		Debug|Any CPU = Debug|Any CPU
		Release|Any CPU = Release|Any CPU
	EndGlobalSection
	GlobalSection(ProjectConfigurationPlatforms) = postSolution
		{859B542E-78E4-4BD3-85E4-4F71E4BFA0DD}.Debug|Any CPU.ActiveCfg = Debug|Any CPU
		{859B542E-78E4-4BD3-85E4-4F71E4BFA0DD}.Debug|Any CPU.Build.0 = Debug|Any CPU
		{859B542E-78E4-4BD3-85E4-4F71E4BFA0DD}.Release|Any CPU.ActiveCfg = Release|Any CPU
		{859B542E-78E4-4BD3-85E4-4F71E4BFA0DD}.Release|Any CPU.Build.0 = Release|Any CPU
		{C7F92486-8EF1-4C4A-BE4F-832C93C4B6DD}.Debug|Any CPU.ActiveCfg = Debug|Any CPU
		{C7F92486-8EF1-4C4A-BE4F-832C93C4B6DD}.Debug|Any CPU.Build.0 = Debug|Any CPU
		{C7F92486-8EF1-4C4A-BE4F-832C93C4B6DD}.Release|Any CPU.ActiveCfg = Release|Any CPU
		{C7F92486-8EF1-4C4A-BE4F-832C93C4B6DD}.Release|Any CPU.Build.0 = Release|Any CPU
		{C88A262F-1E88-4524-98AF-60B43852866F}.Debug|Any CPU.ActiveCfg = Debug|Any CPU
		{C88A262F-1E88-4524-98AF-60B43852866F}.Debug|Any CPU.Build.0 = Debug|Any CPU
		{C88A262F-1E88-4524-98AF-60B43852866F}.Release|Any CPU.ActiveCfg = Release|Any CPU
		{C88A262F-1E88-4524-98AF-60B43852866F}.Release|Any CPU.Build.0 = Release|Any CPU
	EndGlobalSection
	GlobalSection(SolutionProperties) = preSolution
		HideSolutionNode = FALSE
	EndGlobalSection
	GlobalSection(ExtensibilityGlobals) = postSolution
		SolutionGuid = {8DD6EE2B-FC86-4550-98C1-9B2DBFC48684}
	EndGlobalSection
EndGlobal
